<?xml version="1.0" encoding="utf-8"?>
<Project ToolsVersion="4.0" xmlns="http://schemas.microsoft.com/developer/msbuild/2003">
  <ItemGroup>
    <Filter Include="File di origine">
      <UniqueIdentifier>{03c2d9e0-3762-4385-987e-9c7056d06fd5}</UniqueIdentifier>
    </Filter>
    <Filter Include="File di intestazione">
      <UniqueIdentifier>{cb6676b1-030e-457f-b0b4-547abcbd47eb}</UniqueIdentifier>
    </Filter>
  </ItemGroup>
  <ItemGroup>
    <ClCompile Include="$(MSBuildThisFileDirectory)connection.c">
      <Filter>File di origine</Filter>
    </ClCompile>
    <ClCompile Include="$(MSBuildThisFileDirectory)resources.c">
      <Filter>File di origine</Filter>
    </ClCompile>
  </ItemGroup>
  <ItemGroup>
    <ClInclude Include="$(MSBuildThisFileDirectory)connection.h">
      <Filter>File di intestazione</Filter>
    </ClInclude>
    <ClInclude Include="$(MSBuildThisFileDirectory)resources.h">
      <Filter>File di intestazione</Filter>
    </ClInclude>
  </ItemGroup>
</Project>